Microsoft Visual Studio Solution File, Format Version 8.00
Project("{20D4826A-C6FA-45DB-90F4-C717570B9F32}") = "Frontera", "Frontera.csdproj", "{C2940E91-3D7D-41E7-9E44-2D8BABCA9918}"
	ProjectSection(ProjectDependencies) = postProject
	EndProjectSection
EndProject
Global
	GlobalSection(SolutionConfiguration) = preSolution
		Debug = Debug
		Release = Release
	EndGlobalSection
	GlobalSection(ProjectDependencies) = postSolution
	EndGlobalSection
	GlobalSection(ProjectConfiguration) = postSolution
		{C2940E91-3D7D-41E7-9E44-2D8BABCA9918}.Debug.ActiveCfg = Debug|Windows CE
		{C2940E91-3D7D-41E7-9E44-2D8BABCA9918}.Debug.Build.0 = Debug|Windows CE
		{C2940E91-3D7D-41E7-9E44-2D8BABCA9918}.Debug.Deploy.0 = Debug|Windows CE
		{C2940E91-3D7D-41E7-9E44-2D8BABCA9918}.Release.ActiveCfg = Release|Windows CE
		{C2940E91-3D7D-41E7-9E44-2D8BABCA9918}.Release.Build.0 = Release|Windows CE
		{C2940E91-3D7D-41E7-9E44-2D8BABCA9918}.Release.Deploy.0 = Release|Windows CE
	EndGlobalSection
	GlobalSection(ExtensibilityGlobals) = postSolution
	EndGlobalSection
	GlobalSection(ExtensibilityAddIns) = postSolution
	EndGlobalSection
EndGlobal
